{
    "version": 3,
    "terraform_version": "0.11.10",
    "serial": 12,
    "lineage": "ad89287d-c898-0fcc-70c2-6012f27962be",
    "modules": [
        {
            "path": [
                "root"
            ],
            "outputs": {},
            "resources": {
                "aws_eip.ip": {
                    "type": "aws_eip",
                    "depends_on": [
                        "aws_instance.example"
                    ],
                    "primary": {
                        "id": "eipalloc-0bddd47e3b4fbdbd3",
                        "attributes": {
                            "association_id": "eipassoc-03c2bac318245edc3",
                            "domain": "vpc",
                            "id": "eipalloc-0bddd47e3b4fbdbd3",
                            "instance": "i-0d4fd06aa4020e88d",
                            "network_interface": "eni-011dfc5b36dd26c76",
                            "private_ip": "172.31.16.146",
                            "public_ip": "52.56.212.1",
                            "public_ipv4_pool": "amazon",
                            "tags.%": "0",
                            "vpc": "true"
                        },
                        "meta": {
                            "e2bfb730-ecaa-11e6-8f88-34363bc7c4c0": {
                                "delete": 180000000000,
                                "read": 900000000000,
                                "update": 300000000000
                            }
                        },
                        "tainted": false
                    },
                    "deposed": [],
                    "provider": "provider.aws"
                },
                "aws_instance.example": {
                    "type": "aws_instance",
                    "depends_on": [
                        "aws_s3_bucket.example"
                    ],
                    "primary": {
                        "id": "i-0d4fd06aa4020e88d",
                        "attributes": {
                            "ami": "ami-0b0a60c0a2bd40612",
                            "arn": "arn:aws:ec2:eu-west-2:918351672770:instance/i-0d4fd06aa4020e88d",
                            "associate_public_ip_address": "true",
                            "availability_zone": "eu-west-2a",
                            "cpu_core_count": "1",
                            "cpu_threads_per_core": "1",
                            "credit_specification.#": "1",
                            "credit_specification.0.cpu_credits": "standard",
                            "disable_api_termination": "false",
                            "ebs_block_device.#": "0",
                            "ebs_optimized": "false",
                            "ephemeral_block_device.#": "0",
                            "get_password_data": "false",
                            "iam_instance_profile": "",
                            "id": "i-0d4fd06aa4020e88d",
                            "instance_state": "running",
                            "instance_type": "t2.micro",
                            "ipv6_addresses.#": "0",
                            "key_name": "",
                            "monitoring": "false",
                            "network_interface.#": "0",
                            "network_interface_id": "eni-011dfc5b36dd26c76",
                            "password_data": "",
                            "placement_group": "",
                            "primary_network_interface_id": "eni-011dfc5b36dd26c76",
                            "private_dns": "ip-172-31-16-146.eu-west-2.compute.internal",
                            "private_ip": "172.31.16.146",
                            "public_dns": "ec2-52-56-212-1.eu-west-2.compute.amazonaws.com",
                            "public_ip": "52.56.212.1",
                            "root_block_device.#": "1",
                            "root_block_device.0.delete_on_termination": "true",
                            "root_block_device.0.iops": "100",
                            "root_block_device.0.volume_id": "vol-07ac14e6537b38819",
                            "root_block_device.0.volume_size": "8",
                            "root_block_device.0.volume_type": "gp2",
                            "security_groups.#": "1",
                            "security_groups.3814588639": "default",
                            "source_dest_check": "true",
                            "subnet_id": "subnet-8d7dd8f7",
                            "tags.%": "0",
                            "tenancy": "default",
                            "volume_tags.%": "0",
                            "vpc_security_group_ids.#": "1",
                            "vpc_security_group_ids.2653443419": "sg-23568249"
                        },
                        "meta": {
                            "e2bfb730-ecaa-11e6-8f88-34363bc7c4c0": {
                                "create": 600000000000,
                                "delete": 1200000000000,
                                "update": 600000000000
                            },
                            "schema_version": "1"
                        },
                        "tainted": false
                    },
                    "deposed": [],
                    "provider": "provider.aws"
                },
                "aws_s3_bucket.example": {
                    "type": "aws_s3_bucket",
                    "depends_on": [],
                    "primary": {
                        "id": "terraform-for-niko-test",
                        "attributes": {
                            "acceleration_status": "",
                            "acl": "private",
                            "arn": "arn:aws:s3:::terraform-for-niko-test",
                            "bucket": "terraform-for-niko-test",
                            "bucket_domain_name": "terraform-for-niko-test.s3.amazonaws.com",
                            "bucket_regional_domain_name": "terraform-for-niko-test.s3.eu-west-2.amazonaws.com",
                            "cors_rule.#": "0",
                            "force_destroy": "false",
                            "hosted_zone_id": "Z3GKZC51ZF0DB4",
                            "id": "terraform-for-niko-test",
                            "lifecycle_rule.#": "0",
                            "logging.#": "0",
                            "region": "eu-west-2",
                            "replication_configuration.#": "0",
                            "request_payer": "BucketOwner",
                            "server_side_encryption_configuration.#": "0",
                            "tags.%": "0",
                            "versioning.#": "1",
                            "versioning.0.enabled": "false",
                            "versioning.0.mfa_delete": "false",
                            "website.#": "0"
                        },
                        "meta": {},
                        "tainted": false
                    },
                    "deposed": [],
                    "provider": "provider.aws"
                }
            },
            "depends_on": []
        }
    ]
}
